
Microsoft Visual Studio Solution File, Format Version 12.00
# Visual Studio Version 16
VisualStudioVersion = 16.0.31205.134
MinimumVisualStudioVersion = 10.0.40219.1
Project("{9A19103F-16F7-4668-BE54-9A1E7A4F7556}") = "RowebInternship.API", "WebApplication2\RowebInternship.API.csproj", "{0EAB3D4A-92C8-4055-B8E7-ADCCB9FC99E1}"
EndProject
Global
	GlobalSection(SolutionConfigurationPlatforms) = preSolution
		Debug|Any CPU = Debug|Any CPU
		Release|Any CPU = Release|Any CPU
	EndGlobalSection
	GlobalSection(ProjectConfigurationPlatforms) = postSolution
		{0EAB3D4A-92C8-4055-B8E7-ADCCB9FC99E1}.Debug|Any CPU.ActiveCfg = Debug|Any CPU
		{0EAB3D4A-92C8-4055-B8E7-ADCCB9FC99E1}.Debug|Any CPU.Build.0 = Debug|Any CPU
		{0EAB3D4A-92C8-4055-B8E7-ADCCB9FC99E1}.Release|Any CPU.ActiveCfg = Release|Any CPU
		{0EAB3D4A-92C8-4055-B8E7-ADCCB9FC99E1}.Release|Any CPU.Build.0 = Release|Any CPU
	EndGlobalSection
	GlobalSection(SolutionProperties) = preSolution
		HideSolutionNode = FALSE
	EndGlobalSection
	GlobalSection(ExtensibilityGlobals) = postSolution
		SolutionGuid = {00668C33-2B4B-4365-8D8B-FD9363854119}
	EndGlobalSection
EndGlobal
